
Microsoft Visual Studio Solution File, Format Version 12.00
# Visual Studio Version 16
VisualStudioVersion = 16.0.29613.14
MinimumVisualStudioVersion = 10.0.40219.1
Project("{FAE04EC0-301F-11D3-BF4B-00C04F79EFBC}") = "4 digit comparer", "4 digit comparer\4 digit comparer.csproj", "{F9128F52-81A6-47D0-9D2E-8EBBA150D1DD}"
EndProject
Global
	GlobalSection(SolutionConfigurationPlatforms) = preSolution
		Debug|Any CPU = Debug|Any CPU
		Release|Any CPU = Release|Any CPU
	EndGlobalSection
	GlobalSection(ProjectConfigurationPlatforms) = postSolution
		{F9128F52-81A6-47D0-9D2E-8EBBA150D1DD}.Debug|Any CPU.ActiveCfg = Debug|Any CPU
		{F9128F52-81A6-47D0-9D2E-8EBBA150D1DD}.Debug|Any CPU.Build.0 = Debug|Any CPU
		{F9128F52-81A6-47D0-9D2E-8EBBA150D1DD}.Release|Any CPU.ActiveCfg = Release|Any CPU
		{F9128F52-81A6-47D0-9D2E-8EBBA150D1DD}.Release|Any CPU.Build.0 = Release|Any CPU
	EndGlobalSection
	GlobalSection(SolutionProperties) = preSolution
		HideSolutionNode = FALSE
	EndGlobalSection
	GlobalSection(ExtensibilityGlobals) = postSolution
		SolutionGuid = {2BAC147E-8CAA-4023-A3EC-68514D07C70C}
	EndGlobalSection
EndGlobal
