
Microsoft Visual Studio Solution File, Format Version 12.00
# Visual Studio Version 16
VisualStudioVersion = 16.0.29613.14
MinimumVisualStudioVersion = 10.0.40219.1
Project("{FAE04EC0-301F-11D3-BF4B-00C04F79EFBC}") = "arrays", "arrays\arrays.csproj", "{71E69306-29B8-4FE4-8EB7-28ADEA3B02DC}"
EndProject
Global
	GlobalSection(SolutionConfigurationPlatforms) = preSolution
		Debug|Any CPU = Debug|Any CPU
		Release|Any CPU = Release|Any CPU
	EndGlobalSection
	GlobalSection(ProjectConfigurationPlatforms) = postSolution
		{71E69306-29B8-4FE4-8EB7-28ADEA3B02DC}.Debug|Any CPU.ActiveCfg = Debug|Any CPU
		{71E69306-29B8-4FE4-8EB7-28ADEA3B02DC}.Debug|Any CPU.Build.0 = Debug|Any CPU
		{71E69306-29B8-4FE4-8EB7-28ADEA3B02DC}.Release|Any CPU.ActiveCfg = Release|Any CPU
		{71E69306-29B8-4FE4-8EB7-28ADEA3B02DC}.Release|Any CPU.Build.0 = Release|Any CPU
	EndGlobalSection
	GlobalSection(SolutionProperties) = preSolution
		HideSolutionNode = FALSE
	EndGlobalSection
	GlobalSection(ExtensibilityGlobals) = postSolution
		SolutionGuid = {33293E52-4754-481A-807E-960023952602}
	EndGlobalSection
EndGlobal
