
Microsoft Visual Studio Solution File, Format Version 12.00
# Visual Studio Version 16
VisualStudioVersion = 16.0.29613.14
MinimumVisualStudioVersion = 10.0.40219.1
Project("{FAE04EC0-301F-11D3-BF4B-00C04F79EFBC}") = "number to letter grade calculator", "number to letter grade calculator\number to letter grade calculator.csproj", "{1C082C10-8568-4811-9BF3-08E4D5E58C4C}"
EndProject
Global
	GlobalSection(SolutionConfigurationPlatforms) = preSolution
		Debug|Any CPU = Debug|Any CPU
		Release|Any CPU = Release|Any CPU
	EndGlobalSection
	GlobalSection(ProjectConfigurationPlatforms) = postSolution
		{1C082C10-8568-4811-9BF3-08E4D5E58C4C}.Debug|Any CPU.ActiveCfg = Debug|Any CPU
		{1C082C10-8568-4811-9BF3-08E4D5E58C4C}.Debug|Any CPU.Build.0 = Debug|Any CPU
		{1C082C10-8568-4811-9BF3-08E4D5E58C4C}.Release|Any CPU.ActiveCfg = Release|Any CPU
		{1C082C10-8568-4811-9BF3-08E4D5E58C4C}.Release|Any CPU.Build.0 = Release|Any CPU
	EndGlobalSection
	GlobalSection(SolutionProperties) = preSolution
		HideSolutionNode = FALSE
	EndGlobalSection
	GlobalSection(ExtensibilityGlobals) = postSolution
		SolutionGuid = {3AD0347D-6562-4623-A443-9E3A249F2EE0}
	EndGlobalSection
EndGlobal
